# THIS IS AN AUTOGENERATED FILE. DO NOT EDIT THIS FILE DIRECTLY.
# yarn lockfile v1


angular-animate@^1.7.9:
  version "1.7.9"
  resolved "https://registry.yarnpkg.com/angular-animate/-/angular-animate-1.7.9.tgz#a397f82434c1e7ed5b7a298fa70fc3de989a6785"
  integrity sha512-fV+AISy/HTzurQH2ngsJg+lLIvfu0ahc1h4AYKauaXVw97rZc2k4iUA1bMstiEyClsdayQX568kjQc1NK+oYhw==

angular-aria@^1.7.9:
  version "1.7.9"
  resolved "https://registry.yarnpkg.com/angular-aria/-/angular-aria-1.7.9.tgz#90c61895ffbd876e95915222b32a7bd0070af7e3"
  integrity sha512-luI3Jemd1AbOQW0krdzfEG3fM0IFtLY0bSSqIDEx3POE0XjKIC1MkrO8Csyq9PPgueLphyAPofzUwZ8YeZ88SA==

angular-material@^1.1.22:
  version "1.1.22"
  resolved "https://registry.yarnpkg.com/angular-material/-/angular-material-1.1.22.tgz#d2d021deb0602c33843f739236efa5c1a08f077b"
  integrity sha512-GT8bDfKWj3xIzzYna+adhyim84B2KkqgXozyEZFAbA9yaDTKe4dV1gXA0SXzeCy0aWyVXwfrxrGt4nKjgVMi7g==

angular@^1.7.9:
  version "1.7.9"
  resolved "https://registry.yarnpkg.com/angular/-/angular-1.7.9.tgz#e52616e8701c17724c3c238cfe4f9446fd570bc4"
  integrity sha512-5se7ZpcOtu0MBFlzGv5dsM1quQDoDeUTwZrWjGtTNA7O88cD8TEk5IEKCTDa3uECV9XnvKREVUr7du1ACiWGFQ==
